
Microsoft Visual Studio Solution File, Format Version 12.00
# Visual Studio 2013
VisualStudioVersion = 12.0.31101.0
MinimumVisualStudioVersion = 10.0.40219.1
Project("{FAE04EC0-301F-11D3-BF4B-00C04F79EFBC}") = "Meridium.EPiServer.Migration", "Meridium.EPiServer.Migration\Meridium.EPiServer.Migration.csproj", "{8D35B548-15AE-4BC3-8E6E-C25067A5BAE2}"
EndProject
Project("{FAE04EC0-301F-11D3-BF4B-00C04F79EFBC}") = "Meridium.EPiServer.Migration.Tests", "Meridium.EPiServer.Migration.Tests\Meridium.EPiServer.Migration.Tests.csproj", "{8D3AC334-55F7-47F8-A1A7-99EEDEEC02AA}"
EndProject
Global
	GlobalSection(SolutionConfigurationPlatforms) = preSolution
		Debug|Any CPU = Debug|Any CPU
		Release|Any CPU = Release|Any CPU
	EndGlobalSection
	GlobalSection(ProjectConfigurationPlatforms) = postSolution
		{8D35B548-15AE-4BC3-8E6E-C25067A5BAE2}.Debug|Any CPU.ActiveCfg = Debug|Any CPU
		{8D35B548-15AE-4BC3-8E6E-C25067A5BAE2}.Debug|Any CPU.Build.0 = Debug|Any CPU
		{8D35B548-15AE-4BC3-8E6E-C25067A5BAE2}.Release|Any CPU.ActiveCfg = Release|Any CPU
		{8D35B548-15AE-4BC3-8E6E-C25067A5BAE2}.Release|Any CPU.Build.0 = Release|Any CPU
		{8D3AC334-55F7-47F8-A1A7-99EEDEEC02AA}.Debug|Any CPU.ActiveCfg = Debug|Any CPU
		{8D3AC334-55F7-47F8-A1A7-99EEDEEC02AA}.Debug|Any CPU.Build.0 = Debug|Any CPU
		{8D3AC334-55F7-47F8-A1A7-99EEDEEC02AA}.Release|Any CPU.ActiveCfg = Release|Any CPU
		{8D3AC334-55F7-47F8-A1A7-99EEDEEC02AA}.Release|Any CPU.Build.0 = Release|Any CPU
	EndGlobalSection
	GlobalSection(SolutionProperties) = preSolution
		HideSolutionNode = FALSE
	EndGlobalSection
EndGlobal
